
Microsoft Visual Studio Solution File, Format Version 12.00
# Visual Studio 15
VisualStudioVersion = 15.0.28010.2026
MinimumVisualStudioVersion = 10.0.40219.1
Project("{FAE04EC0-301F-11D3-BF4B-00C04F79EFBC}") = "EmployeeGenerator", "EmployeeGenerator\EmployeeGenerator.csproj", "{3C3AF95D-3DFA-46D7-960C-555CC29D088B}"
EndProject
Global
	GlobalSection(SolutionConfigurationPlatforms) = preSolution
		Debug|Any CPU = Debug|Any CPU
		Release|Any CPU = Release|Any CPU
	EndGlobalSection
	GlobalSection(ProjectConfigurationPlatforms) = postSolution
		{3C3AF95D-3DFA-46D7-960C-555CC29D088B}.Debug|Any CPU.ActiveCfg = Debug|Any CPU
		{3C3AF95D-3DFA-46D7-960C-555CC29D088B}.Debug|Any CPU.Build.0 = Debug|Any CPU
		{3C3AF95D-3DFA-46D7-960C-555CC29D088B}.Release|Any CPU.ActiveCfg = Release|Any CPU
		{3C3AF95D-3DFA-46D7-960C-555CC29D088B}.Release|Any CPU.Build.0 = Release|Any CPU
	EndGlobalSection
	GlobalSection(SolutionProperties) = preSolution
		HideSolutionNode = FALSE
	EndGlobalSection
	GlobalSection(ExtensibilityGlobals) = postSolution
		SolutionGuid = {3A1805FC-6093-4AFA-BD2A-75F1297DCAB1}
	EndGlobalSection
EndGlobal
